Microsoft Visual Studio Solution File, Format Version 11.00
# Visual Studio 2008

Project("{492CE3CF-FF02-C3D5-5756-75410CA76108}") = "Read_Niftis", "Assembly-CSharp.csproj", "{A2A8A9C5-D28E-D3EC-2BCC-B5EFE277ADD4}"
EndProject
Global
	GlobalSection(SolutionConfigurationPlatforms) = preSolution
		Debug|Any CPU = Debug|Any CPU
		Release|Any CPU = Release|Any CPU
	EndGlobalSection
	GlobalSection(ProjectConfigurationPlatforms) = postSolution
		{A2A8A9C5-D28E-D3EC-2BCC-B5EFE277ADD4}.Debug|Any CPU.ActiveCfg = Debug|Any CPU
		{A2A8A9C5-D28E-D3EC-2BCC-B5EFE277ADD4}.Debug|Any CPU.Build.0 = Debug|Any CPU
		{A2A8A9C5-D28E-D3EC-2BCC-B5EFE277ADD4}.Release|Any CPU.ActiveCfg = Release|Any CPU
		{A2A8A9C5-D28E-D3EC-2BCC-B5EFE277ADD4}.Release|Any CPU.Build.0 = Release|Any CPU
	EndGlobalSection
	GlobalSection(SolutionProperties) = preSolution
		HideSolutionNode = FALSE
	EndGlobalSection
	GlobalSection(MonoDevelopProperties) = preSolution
		StartupItem = Assembly-CSharp.csproj
	EndGlobalSection
EndGlobal
